
Microsoft Visual Studio Solution File, Format Version 12.00
# Visual Studio Version 17
VisualStudioVersion = 17.7.34009.444
MinimumVisualStudioVersion = 10.0.40219.1
Project("{888888A0-9F3D-457C-B088-3A5042F75D52}") = "RobotTracktorPythonUtilities", "RobotTracktorPythonUtilities.pyproj", "{386F5E81-13CA-4E1A-90D0-10927593A298}"
EndProject
Global
	GlobalSection(SolutionConfigurationPlatforms) = preSolution
		Debug|Any CPU = Debug|Any CPU
		Release|Any CPU = Release|Any CPU
	EndGlobalSection
	GlobalSection(ProjectConfigurationPlatforms) = postSolution
		{386F5E81-13CA-4E1A-90D0-10927593A298}.Debug|Any CPU.ActiveCfg = Debug|Any CPU
		{386F5E81-13CA-4E1A-90D0-10927593A298}.Release|Any CPU.ActiveCfg = Release|Any CPU
	EndGlobalSection
	GlobalSection(SolutionProperties) = preSolution
		HideSolutionNode = FALSE
	EndGlobalSection
	GlobalSection(ExtensibilityGlobals) = postSolution
		SolutionGuid = {FF566205-E41E-41FD-9B33-3D2F81D220ED}
	EndGlobalSection
EndGlobal
